// !$*UTF8*$!
{
	archiveVersion = 1;
	classes = {
	};
	objectVersion = 56;
	objects = {

/* Begin PBXBuildFile section */
		76A7515D2A4DF27C0020C382 /* Ida B. Wells.swift in Sources */ = {isa = PBXBuildFile; fileRef = 76A7515C2A4DF27C0020C382 /* Ida B. Wells.swift */; };
		76A7515F2A4DF2AB0020C382 /* Dororthy Arzner.swift in Sources */ = {isa = PBXBuildFile; fileRef = 76A7515E2A4DF2AB0020C382 /* Dororthy Arzner.swift */; };
		76A751612A4DF5350020C382 /* Frida Kahlo.swift in Sources */ = {isa = PBXBuildFile; fileRef = 76A751602A4DF5350020C382 /* Frida Kahlo.swift */; };
		76A751632A4DF86A0020C382 /* Mae Jemison.swift in Sources */ = {isa = PBXBuildFile; fileRef = 76A751622A4DF86A0020C382 /* Mae Jemison.swift */; };
		76A751672A4DFA1E0020C382 /* Michelle Obama.swift in Sources */ = {isa = PBXBuildFile; fileRef = 76A751662A4DFA1E0020C382 /* Michelle Obama.swift */; };
		76A751692A4DFB2F0020C382 /* Angela Merkel.swift in Sources */ = {isa = PBXBuildFile; fileRef = 76A751682A4DFB2F0020C382 /* Angela Merkel.swift */; };
		76A7516C2A4DFC7A0020C382 /* Hedy Lamar.swift in Sources */ = {isa = PBXBuildFile; fileRef = 76A7516B2A4DFC7A0020C382 /* Hedy Lamar.swift */; };
		76A7516E2A4F44DB0020C382 /* Virginia Woolf.swift in Sources */ = {isa = PBXBuildFile; fileRef = 76A7516D2A4F44DB0020C382 /* Virginia Woolf.swift */; };
		F30A24902A4B88B600C25881 /* RevealHer_Final_ProjectApp.swift in Sources */ = {isa = PBXBuildFile; fileRef = F30A248F2A4B88B600C25881 /* RevealHer_Final_ProjectApp.swift */; };
		F30A24922A4B88B600C25881 /* ContentView.swift in Sources */ = {isa = PBXBuildFile; fileRef = F30A24912A4B88B600C25881 /* ContentView.swift */; };
		F30A24942A4B88BA00C25881 /* Assets.xcassets in Resources */ = {isa = PBXBuildFile; fileRef = F30A24932A4B88BA00C25881 /* Assets.xcassets */; };
		F30A24972A4B88BA00C25881 /* Preview Assets.xcassets in Resources */ = {isa = PBXBuildFile; fileRef = F30A24962A4B88BA00C25881 /* Preview Assets.xcassets */; };
		F30A249E2A4B8B7F00C25881 /* Flashcard 1.swift in Sources */ = {isa = PBXBuildFile; fileRef = F30A249D2A4B8B7F00C25881 /* Flashcard 1.swift */; };
		F30A24C52A4CE09B00C25881 /* Shirley Chisholm.swift in Sources */ = {isa = PBXBuildFile; fileRef = F30A24C42A4CE09B00C25881 /* Shirley Chisholm.swift */; };
		F30A24C72A4CE0C900C25881 /* Anna Bissell.swift in Sources */ = {isa = PBXBuildFile; fileRef = F30A24C62A4CE0C900C25881 /* Anna Bissell.swift */; };
		F30A24C92A4CE13300C25881 /* Grace Hopper.swift in Sources */ = {isa = PBXBuildFile; fileRef = F30A24C82A4CE13300C25881 /* Grace Hopper.swift */; };
		F3526CED2A4E0CDA002C7636 /* STEMHomepage.swift in Sources */ = {isa = PBXBuildFile; fileRef = F3526CEC2A4E0CDA002C7636 /* STEMHomepage.swift */; };
		F3526CEF2A4E0CE6002C7636 /* ArtsHomepage.swift in Sources */ = {isa = PBXBuildFile; fileRef = F3526CEE2A4E0CE6002C7636 /* ArtsHomepage.swift */; };
		F3526CF12A4E0CF1002C7636 /* LeadershipHomepage.swift in Sources */ = {isa = PBXBuildFile; fileRef = F3526CF02A4E0CF1002C7636 /* LeadershipHomepage.swift */; };
		F3526CF52A4E1ABB002C7636 /* AbrilFatface-Regular.ttf in Resources */ = {isa = PBXBuildFile; fileRef = F3526CF32A4E1ABA002C7636 /* AbrilFatface-Regular.ttf */; };
		F3526CF62A4E1ABB002C7636 /* OFL.txt in Resources */ = {isa = PBXBuildFile; fileRef = F3526CF42A4E1ABA002C7636 /* OFL.txt */; };
		F3526D102A4E1B50002C7636 /* Montserrat-VariableFont_wght.ttf in Resources */ = {isa = PBXBuildFile; fileRef = F3526CF92A4E1B50002C7636 /* Montserrat-VariableFont_wght.ttf */; };
		F3526D112A4E1B50002C7636 /* Montserrat-Italic-VariableFont_wght.ttf in Resources */ = {isa = PBXBuildFile; fileRef = F3526CFA2A4E1B50002C7636 /* Montserrat-Italic-VariableFont_wght.ttf */; };
		F3526D252A4E1B50002C7636 /* README.txt in Resources */ = {isa = PBXBuildFile; fileRef = F3526D0F2A4E1B50002C7636 /* README.txt */; };
/* End PBXBuildFile section */

/* Begin PBXFileReference section */
		76A7515C2A4DF27C0020C382 /* Ida B. Wells.swift */ = {isa = PBXFileReference; lastKnownFileType = sourcecode.swift; path = "Ida B. Wells.swift"; sourceTree = "<group>"; };
		76A7515E2A4DF2AB0020C382 /* Dororthy Arzner.swift */ = {isa = PBXFileReference; lastKnownFileType = sourcecode.swift; path = "Dororthy Arzner.swift"; sourceTree = "<group>"; };
		76A751602A4DF5350020C382 /* Frida Kahlo.swift */ = {isa = PBXFileReference; lastKnownFileType = sourcecode.swift; path = "Frida Kahlo.swift"; sourceTree = "<group>"; };
		76A751622A4DF86A0020C382 /* Mae Jemison.swift */ = {isa = PBXFileReference; lastKnownFileType = sourcecode.swift; path = "Mae Jemison.swift"; sourceTree = "<group>"; };
		76A751662A4DFA1E0020C382 /* Michelle Obama.swift */ = {isa = PBXFileReference; lastKnownFileType = sourcecode.swift; path = "Michelle Obama.swift"; sourceTree = "<group>"; };
		76A751682A4DFB2F0020C382 /* Angela Merkel.swift */ = {isa = PBXFileReference; lastKnownFileType = sourcecode.swift; path = "Angela Merkel.swift"; sourceTree = "<group>"; };
		76A7516B2A4DFC7A0020C382 /* Hedy Lamar.swift */ = {isa = PBXFileReference; lastKnownFileType = sourcecode.swift; path = "Hedy Lamar.swift"; sourceTree = "<group>"; };
		76A7516D2A4F44DB0020C382 /* Virginia Woolf.swift */ = {isa = PBXFileReference; lastKnownFileType = sourcecode.swift; path = "Virginia Woolf.swift"; sourceTree = "<group>"; };
		F30A248C2A4B88B600C25881 /* RevealHer Final Project.app */ = {isa = PBXFileReference; explicitFileType = wrapper.application; includeInIndex = 0; path = "RevealHer Final Project.app"; sourceTree = BUILT_PRODUCTS_DIR; };
		F30A248F2A4B88B600C25881 /* RevealHer_Final_ProjectApp.swift */ = {isa = PBXFileReference; lastKnownFileType = sourcecode.swift; path = RevealHer_Final_ProjectApp.swift; sourceTree = "<group>"; };
		F30A24912A4B88B600C25881 /* ContentView.swift */ = {isa = PBXFileReference; lastKnownFileType = sourcecode.swift; path = ContentView.swift; sourceTree = "<group>"; };
		F30A24932A4B88BA00C25881 /* Assets.xcassets */ = {isa = PBXFileReference; lastKnownFileType = folder.assetcatalog; path = Assets.xcassets; sourceTree = "<group>"; };
		F30A24962A4B88BA00C25881 /* Preview Assets.xcassets */ = {isa = PBXFileReference; lastKnownFileType = folder.assetcatalog; path = "Preview Assets.xcassets"; sourceTree = "<group>"; };
		F30A249D2A4B8B7F00C25881 /* Flashcard 1.swift */ = {isa = PBXFileReference; lastKnownFileType = sourcecode.swift; path = "Flashcard 1.swift"; sourceTree = "<group>"; };
		F30A24C42A4CE09B00C25881 /* Shirley Chisholm.swift */ = {isa = PBXFileReference; lastKnownFileType = sourcecode.swift; path = "Shirley Chisholm.swift"; sourceTree = "<group>"; };
		F30A24C62A4CE0C900C25881 /* Anna Bissell.swift */ = {isa = PBXFileReference; lastKnownFileType = sourcecode.swift; path = "Anna Bissell.swift"; sourceTree = "<group>"; };
		F30A24C82A4CE13300C25881 /* Grace Hopper.swift */ = {isa = PBXFileReference; lastKnownFileType = sourcecode.swift; path = "Grace Hopper.swift"; sourceTree = "<group>"; };
		F3526CEC2A4E0CDA002C7636 /* STEMHomepage.swift */ = {isa = PBXFileReference; lastKnownFileType = sourcecode.swift; path = STEMHomepage.swift; sourceTree = "<group>"; };
		F3526CEE2A4E0CE6002C7636 /* ArtsHomepage.swift */ = {isa = PBXFileReference; lastKnownFileType = sourcecode.swift; path = ArtsHomepage.swift; sourceTree = "<group>"; };
		F3526CF02A4E0CF1002C7636 /* LeadershipHomepage.swift */ = {isa = PBXFileReference; lastKnownFileType = sourcecode.swift; path = LeadershipHomepage.swift; sourceTree = "<group>"; };
		F3526CF32A4E1ABA002C7636 /* AbrilFatface-Regular.ttf */ = {isa = PBXFileReference; lastKnownFileType = file; path = "AbrilFatface-Regular.ttf"; sourceTree = "<group>"; };
		F3526CF42A4E1ABA002C7636 /* OFL.txt */ = {isa = PBXFileReference; fileEncoding = 4; lastKnownFileType = text; path = OFL.txt; sourceTree = "<group>"; };
		F3526CF72A4E1ADB002C7636 /* RevealHer-Final-Project-Info.plist */ = {isa = PBXFileReference; lastKnownFileType = text.plist; path = "RevealHer-Final-Project-Info.plist"; sourceTree = SOURCE_ROOT; };
		F3526CF92A4E1B50002C7636 /* Montserrat-VariableFont_wght.ttf */ = {isa = PBXFileReference; lastKnownFileType = file; path = "Montserrat-VariableFont_wght.ttf"; sourceTree = "<group>"; };
		F3526CFA2A4E1B50002C7636 /* Montserrat-Italic-VariableFont_wght.ttf */ = {isa = PBXFileReference; lastKnownFileType = file; path = "Montserrat-Italic-VariableFont_wght.ttf"; sourceTree = "<group>"; };
		F3526D0F2A4E1B50002C7636 /* README.txt */ = {isa = PBXFileReference; fileEncoding = 4; lastKnownFileType = text; path = README.txt; sourceTree = "<group>"; };
/* End PBXFileReference section */

/* Begin PBXFrameworksBuildPhase section */
		F30A24892A4B88B600C25881 /* Frameworks */ = {
			isa = PBXFrameworksBuildPhase;
			buildActionMask = 2147483647;
			files = (
			);
			runOnlyForDeploymentPostprocessing = 0;
		};
/* End PBXFrameworksBuildPhase section */

/* Begin PBXGroup section */
		F30A24832A4B88B600C25881 = {
			isa = PBXGroup;
			children = (
				F30A248E2A4B88B600C25881 /* RevealHer Final Project */,
				F30A248D2A4B88B600C25881 /* Products */,
			);
			sourceTree = "<group>";
		};
		F30A248D2A4B88B600C25881 /* Products */ = {
			isa = PBXGroup;
			children = (
				F30A248C2A4B88B600C25881 /* RevealHer Final Project.app */,
			);
			name = Products;
			sourceTree = "<group>";
		};
		F30A248E2A4B88B600C25881 /* RevealHer Final Project */ = {
			isa = PBXGroup;
			children = (
				F3526CF72A4E1ADB002C7636 /* RevealHer-Final-Project-Info.plist */,
				F3526CF82A4E1B50002C7636 /* Montserrat */,
				F30A248F2A4B88B600C25881 /* RevealHer_Final_ProjectApp.swift */,
				F30A24912A4B88B600C25881 /* ContentView.swift */,
				F3526CEC2A4E0CDA002C7636 /* STEMHomepage.swift */,
				F3526CF02A4E0CF1002C7636 /* LeadershipHomepage.swift */,
				F3526CEE2A4E0CE6002C7636 /* ArtsHomepage.swift */,
				F30A249D2A4B8B7F00C25881 /* Flashcard 1.swift */,
				F30A24C42A4CE09B00C25881 /* Shirley Chisholm.swift */,
				F30A24C62A4CE0C900C25881 /* Anna Bissell.swift */,
				F30A24C82A4CE13300C25881 /* Grace Hopper.swift */,
				76A7515C2A4DF27C0020C382 /* Ida B. Wells.swift */,
				76A751622A4DF86A0020C382 /* Mae Jemison.swift */,
				76A7515E2A4DF2AB0020C382 /* Dororthy Arzner.swift */,
				76A751602A4DF5350020C382 /* Frida Kahlo.swift */,
				76A751662A4DFA1E0020C382 /* Michelle Obama.swift */,
				76A751682A4DFB2F0020C382 /* Angela Merkel.swift */,
				76A7516B2A4DFC7A0020C382 /* Hedy Lamar.swift */,
				76A7516D2A4F44DB0020C382 /* Virginia Woolf.swift */,
				F30A24932A4B88BA00C25881 /* Assets.xcassets */,
				F30A24952A4B88BA00C25881 /* Preview Content */,
			);
			path = "RevealHer Final Project";
			sourceTree = "<group>";
		};
		F30A24952A4B88BA00C25881 /* Preview Content */ = {
			isa = PBXGroup;
			children = (
				F30A24962A4B88BA00C25881 /* Preview Assets.xcassets */,
			);
			path = "Preview Content";
			sourceTree = "<group>";
		};
		F3526CF22A4E1ABA002C7636 /* Abril_Fatface */ = {
			isa = PBXGroup;
			children = (
				F3526CF32A4E1ABA002C7636 /* AbrilFatface-Regular.ttf */,
				F3526CF42A4E1ABA002C7636 /* OFL.txt */,
			);
			path = Abril_Fatface;
			sourceTree = "<group>";
		};
		F3526CF82A4E1B50002C7636 /* Montserrat */ = {
			isa = PBXGroup;
			children = (
				F3526CF22A4E1ABA002C7636 /* Abril_Fatface */,
				F3526CF92A4E1B50002C7636 /* Montserrat-VariableFont_wght.ttf */,
				F3526CFA2A4E1B50002C7636 /* Montserrat-Italic-VariableFont_wght.ttf */,
				F3526D0F2A4E1B50002C7636 /* README.txt */,
			);
			path = Montserrat;
			sourceTree = "<group>";
		};
/* End PBXGroup section */

/* Begin PBXNativeTarget section */
		F30A248B2A4B88B600C25881 /* RevealHer Final Project */ = {
			isa = PBXNativeTarget;
			buildConfigurationList = F30A249A2A4B88BA00C25881 /* Build configuration list for PBXNativeTarget "RevealHer Final Project" */;
			buildPhases = (
				F30A24882A4B88B600C25881 /* Sources */,
				F30A24892A4B88B600C25881 /* Frameworks */,
				F30A248A2A4B88B600C25881 /* Resources */,
			);
			buildRules = (
			);
			dependencies = (
			);
			name = "RevealHer Final Project";
			productName = "RevealHer Final Project";
			productReference = F30A248C2A4B88B600C25881 /* RevealHer Final Project.app */;
			productType = "com.apple.product-type.application";
		};
/* End PBXNativeTarget section */

/* Begin PBXProject section */
		F30A24842A4B88B600C25881 /* Project object */ = {
			isa = PBXProject;
			attributes = {
				BuildIndependentTargetsInParallel = 1;
				LastSwiftUpdateCheck = 1430;
				LastUpgradeCheck = 1430;
				TargetAttributes = {
					F30A248B2A4B88B600C25881 = {
						CreatedOnToolsVersion = 14.3.1;
					};
				};
			};
			buildConfigurationList = F30A24872A4B88B600C25881 /* Build configuration list for PBXProject "RevealHer Final Project" */;
			compatibilityVersion = "Xcode 14.0";
			developmentRegion = en;
			hasScannedForEncodings = 0;
			knownRegions = (
				en,
				Base,
			);
			mainGroup = F30A24832A4B88B600C25881;
			productRefGroup = F30A248D2A4B88B600C25881 /* Products */;
			projectDirPath = "";
			projectRoot = "";
			targets = (
				F30A248B2A4B88B600C25881 /* RevealHer Final Project */,
			);
		};
/* End PBXProject section */

/* Begin PBXResourcesBuildPhase section */
		F30A248A2A4B88B600C25881 /* Resources */ = {
			isa = PBXResourcesBuildPhase;
			buildActionMask = 2147483647;
			files = (
				F3526CF52A4E1ABB002C7636 /* AbrilFatface-Regular.ttf in Resources */,
				F30A24972A4B88BA00C25881 /* Preview Assets.xcassets in Resources */,
				F3526CF62A4E1ABB002C7636 /* OFL.txt in Resources */,
				F3526D252A4E1B50002C7636 /* README.txt in Resources */,
				F30A24942A4B88BA00C25881 /* Assets.xcassets in Resources */,
				F3526D112A4E1B50002C7636 /* Montserrat-Italic-VariableFont_wght.ttf in Resources */,
				F3526D102A4E1B50002C7636 /* Montserrat-VariableFont_wght.ttf in Resources */,
			);
			runOnlyForDeploymentPostprocessing = 0;
		};
/* End PBXResourcesBuildPhase section */

/* Begin PBXSourcesBuildPhase section */
		F30A24882A4B88B600C25881 /* Sources */ = {
			isa = PBXSourcesBuildPhase;
			buildActionMask = 2147483647;
			files = (
				F30A249E2A4B8B7F00C25881 /* Flashcard 1.swift in Sources */,
				76A751612A4DF5350020C382 /* Frida Kahlo.swift in Sources */,
				F30A24C72A4CE0C900C25881 /* Anna Bissell.swift in Sources */,
				F30A24C52A4CE09B00C25881 /* Shirley Chisholm.swift in Sources */,
				76A7516E2A4F44DB0020C382 /* Virginia Woolf.swift in Sources */,
				76A751632A4DF86A0020C382 /* Mae Jemison.swift in Sources */,
				76A7515D2A4DF27C0020C382 /* Ida B. Wells.swift in Sources */,
				F3526CEF2A4E0CE6002C7636 /* ArtsHomepage.swift in Sources */,
				F3526CED2A4E0CDA002C7636 /* STEMHomepage.swift in Sources */,
				F30A24922A4B88B600C25881 /* ContentView.swift in Sources */,
				76A7515F2A4DF2AB0020C382 /* Dororthy Arzner.swift in Sources */,
				F3526CF12A4E0CF1002C7636 /* LeadershipHomepage.swift in Sources */,
				F30A24902A4B88B600C25881 /* RevealHer_Final_ProjectApp.swift in Sources */,
				76A751672A4DFA1E0020C382 /* Michelle Obama.swift in Sources */,
				76A751692A4DFB2F0020C382 /* Angela Merkel.swift in Sources */,
				F30A24C92A4CE13300C25881 /* Grace Hopper.swift in Sources */,
				76A7516C2A4DFC7A0020C382 /* Hedy Lamar.swift in Sources */,
			);
			runOnlyForDeploymentPostprocessing = 0;
		};
/* End PBXSourcesBuildPhase section */

/* Begin XCBuildConfiguration section */
		F30A24982A4B88BA00C25881 /* Debug */ = {
			isa = XCBuildConfiguration;
			buildSettings = {
				ALWAYS_SEARCH_USER_PATHS = NO;
				CLANG_ANALYZER_NONNULL = YES;
				CLANG_ANALYZER_NUMBER_OBJECT_CONVERSION = YES_AGGRESSIVE;
				CLANG_CXX_LANGUAGE_STANDARD = "gnu++20";
				CLANG_ENABLE_MODULES = YES;
				CLANG_ENABLE_OBJC_ARC = YES;
				CLANG_ENABLE_OBJC_WEAK = YES;
				CLANG_WARN_BLOCK_CAPTURE_AUTORELEASING = YES;
				CLANG_WARN_BOOL_CONVERSION = YES;
				CLANG_WARN_COMMA = YES;
				CLANG_WARN_CONSTANT_CONVERSION = YES;
				CLANG_WARN_DEPRECATED_OBJC_IMPLEMENTATIONS = YES;
				CLANG_WARN_DIRECT_OBJC_ISA_USAGE = YES_ERROR;
				CLANG_WARN_DOCUMENTATION_COMMENTS = YES;
				CLANG_WARN_EMPTY_BODY = YES;
				CLANG_WARN_ENUM_CONVERSION = YES;
				CLANG_WARN_INFINITE_RECURSION = YES;
				CLANG_WARN_INT_CONVERSION = YES;
				CLANG_WARN_NON_LITERAL_NULL_CONVERSION = YES;
				CLANG_WARN_OBJC_IMPLICIT_RETAIN_SELF = YES;
				CLANG_WARN_OBJC_LITERAL_CONVERSION = YES;
				CLANG_WARN_OBJC_ROOT_CLASS = YES_ERROR;
				CLANG_WARN_QUOTED_INCLUDE_IN_FRAMEWORK_HEADER = YES;
				CLANG_WARN_RANGE_LOOP_ANALYSIS = YES;
				CLANG_WARN_STRICT_PROTOTYPES = YES;
				CLANG_WARN_SUSPICIOUS_MOVE = YES;
				CLANG_WARN_UNGUARDED_AVAILABILITY = YES_AGGRESSIVE;
				CLANG_WARN_UNREACHABLE_CODE = YES;
				CLANG_WARN__DUPLICATE_METHOD_MATCH = YES;
				COPY_PHASE_STRIP = NO;
				DEBUG_INFORMATION_FORMAT = dwarf;
				ENABLE_STRICT_OBJC_MSGSEND = YES;
				ENABLE_TESTABILITY = YES;
				GCC_C_LANGUAGE_STANDARD = gnu11;
				GCC_DYNAMIC_NO_PIC = NO;
				GCC_NO_COMMON_BLOCKS = YES;
				GCC_OPTIMIZATION_LEVEL = 0;
				GCC_PREPROCESSOR_DEFINITIONS = (
					"DEBUG=1",
					"$(inherited)",
				);
				GCC_WARN_64_TO_32_BIT_CONVERSION = YES;
				GCC_WARN_ABOUT_RETURN_TYPE = YES_ERROR;
				GCC_WARN_UNDECLARED_SELECTOR = YES;
				GCC_WARN_UNINITIALIZED_AUTOS = YES_AGGRESSIVE;
				GCC_WARN_UNUSED_FUNCTION = YES;
				GCC_WARN_UNUSED_VARIABLE = YES;
				IPHONEOS_DEPLOYMENT_TARGET = 16.4;
				MTL_ENABLE_DEBUG_INFO = INCLUDE_SOURCE;
				MTL_FAST_MATH = YES;
				ONLY_ACTIVE_ARCH = YES;
				SDKROOT = iphoneos;
				SWIFT_ACTIVE_COMPILATION_CONDITIONS = DEBUG;
				SWIFT_OPTIMIZATION_LEVEL = "-Onone";
			};
			name = Debug;
		};
		F30A24992A4B88BA00C25881 /* Release */ = {
			isa = XCBuildConfiguration;
			buildSettings = {
				ALWAYS_SEARCH_USER_PATHS = NO;
				CLANG_ANALYZER_NONNULL = YES;
				CLANG_ANALYZER_NUMBER_OBJECT_CONVERSION = YES_AGGRESSIVE;
				CLANG_CXX_LANGUAGE_STANDARD = "gnu++20";
				CLANG_ENABLE_MODULES = YES;
				CLANG_ENABLE_OBJC_ARC = YES;
				CLANG_ENABLE_OBJC_WEAK = YES;
				CLANG_WARN_BLOCK_CAPTURE_AUTORELEASING = YES;
				CLANG_WARN_BOOL_CONVERSION = YES;
				CLANG_WARN_COMMA = YES;
				CLANG_WARN_CONSTANT_CONVERSION = YES;
				CLANG_WARN_DEPRECATED_OBJC_IMPLEMENTATIONS = YES;
				CLANG_WARN_DIRECT_OBJC_ISA_USAGE = YES_ERROR;
				CLANG_WARN_DOCUMENTATION_COMMENTS = YES;
				CLANG_WARN_EMPTY_BODY = YES;
				CLANG_WARN_ENUM_CONVERSION = YES;
				CLANG_WARN_INFINITE_RECURSION = YES;
				CLANG_WARN_INT_CONVERSION = YES;
				CLANG_WARN_NON_LITERAL_NULL_CONVERSION = YES;
				CLANG_WARN_OBJC_IMPLICIT_RETAIN_SELF = YES;
				CLANG_WARN_OBJC_LITERAL_CONVERSION = YES;
				CLANG_WARN_OBJC_ROOT_CLASS = YES_ERROR;
				CLANG_WARN_QUOTED_INCLUDE_IN_FRAMEWORK_HEADER = YES;
				CLANG_WARN_RANGE_LOOP_ANALYSIS = YES;
				CLANG_WARN_STRICT_PROTOTYPES = YES;
				CLANG_WARN_SUSPICIOUS_MOVE = YES;
				CLANG_WARN_UNGUARDED_AVAILABILITY = YES_AGGRESSIVE;
				CLANG_WARN_UNREACHABLE_CODE = YES;
				CLANG_WARN__DUPLICATE_METHOD_MATCH = YES;
				COPY_PHASE_STRIP = NO;
				DEBUG_INFORMATION_FORMAT = "dwarf-with-dsym";
				ENABLE_NS_ASSERTIONS = NO;
				ENABLE_STRICT_OBJC_MSGSEND = YES;
				GCC_C_LANGUAGE_STANDARD = gnu11;
				GCC_NO_COMMON_BLOCKS = YES;
				GCC_WARN_64_TO_32_BIT_CONVERSION = YES;
				GCC_WARN_ABOUT_RETURN_TYPE = YES_ERROR;
				GCC_WARN_UNDECLARED_SELECTOR = YES;
				GCC_WARN_UNINITIALIZED_AUTOS = YES_AGGRESSIVE;
				GCC_WARN_UNUSED_FUNCTION = YES;
				GCC_WARN_UNUSED_VARIABLE = YES;
				IPHONEOS_DEPLOYMENT_TARGET = 16.4;
				MTL_ENABLE_DEBUG_INFO = NO;
				MTL_FAST_MATH = YES;
				SDKROOT = iphoneos;
				SWIFT_COMPILATION_MODE = wholemodule;
				SWIFT_OPTIMIZATION_LEVEL = "-O";
				VALIDATE_PRODUCT = YES;
			};
			name = Release;
		};
		F30A249B2A4B88BA00C25881 /* Debug */ = {
			isa = XCBuildConfiguration;
			buildSettings = {
				ASSETCATALOG_COMPILER_APPICON_NAME = AppIcon;
				ASSETCATALOG_COMPILER_GLOBAL_ACCENT_COLOR_NAME = AccentColor;
				CODE_SIGN_STYLE = Automatic;
				CURRENT_PROJECT_VERSION = 1;
				DEVELOPMENT_ASSET_PATHS = "\"RevealHer Final Project/Preview Content\"";
				DEVELOPMENT_TEAM = 5T8V7KT825;
				ENABLE_PREVIEWS = YES;
				GENERATE_INFOPLIST_FILE = YES;
				INFOPLIST_FILE = "RevealHer-Final-Project-Info.plist";
				INFOPLIST_KEY_UIApplicationSceneManifest_Generation = YES;
				INFOPLIST_KEY_UIApplicationSupportsIndirectInputEvents = YES;
				INFOPLIST_KEY_UILaunchScreen_Generation = YES;
				INFOPLIST_KEY_UISupportedInterfaceOrientations_iPad = "UIInterfaceOrientationPortrait UIInterfaceOrientationPortraitUpsideDown UIInterfaceOrientationLandscapeLeft UIInterfaceOrientationLandscapeRight";
				INFOPLIST_KEY_UISupportedInterfaceOrientations_iPhone = "UIInterfaceOrientationPortrait UIInterfaceOrientationLandscapeLeft UIInterfaceOrientationLandscapeRight";
				LD_RUNPATH_SEARCH_PATHS = (
					"$(inherited)",
					"@executable_path/Frameworks",
				);
				MARKETING_VERSION = 1.0;
				PRODUCT_BUNDLE_IDENTIFIER = "Kode-with-Klossy.RevealHer-Final-Project";
				PRODUCT_NAME = "$(TARGET_NAME)";
				SWIFT_EMIT_LOC_STRINGS = YES;
				SWIFT_VERSION = 5.0;
				TARGETED_DEVICE_FAMILY = "1,2";
			};
			name = Debug;
		};
		F30A249C2A4B88BA00C25881 /* Release */ = {
			isa = XCBuildConfiguration;
			buildSettings = {
				ASSETCATALOG_COMPILER_APPICON_NAME = AppIcon;
				ASSETCATALOG_COMPILER_GLOBAL_ACCENT_COLOR_NAME = AccentColor;
				CODE_SIGN_STYLE = Automatic;
				CURRENT_PROJECT_VERSION = 1;
				DEVELOPMENT_ASSET_PATHS = "\"RevealHer Final Project/Preview Content\"";
				DEVELOPMENT_TEAM = 5T8V7KT825;
				ENABLE_PREVIEWS = YES;
				GENERATE_INFOPLIST_FILE = YES;
				INFOPLIST_FILE = "RevealHer-Final-Project-Info.plist";
				INFOPLIST_KEY_UIApplicationSceneManifest_Generation = YES;
				INFOPLIST_KEY_UIApplicationSupportsIndirectInputEvents = YES;
				INFOPLIST_KEY_UILaunchScreen_Generation = YES;
				INFOPLIST_KEY_UISupportedInterfaceOrientations_iPad = "UIInterfaceOrientationPortrait UIInterfaceOrientationPortraitUpsideDown UIInterfaceOrientationLandscapeLeft UIInterfaceOrientationLandscapeRight";
				INFOPLIST_KEY_UISupportedInterfaceOrientations_iPhone = "UIInterfaceOrientationPortrait UIInterfaceOrientationLandscapeLeft UIInterfaceOrientationLandscapeRight";
				LD_RUNPATH_SEARCH_PATHS = (
					"$(inherited)",
					"@executable_path/Frameworks",
				);
				MARKETING_VERSION = 1.0;
				PRODUCT_BUNDLE_IDENTIFIER = "Kode-with-Klossy.RevealHer-Final-Project";
				PRODUCT_NAME = "$(TARGET_NAME)";
				SWIFT_EMIT_LOC_STRINGS = YES;
				SWIFT_VERSION = 5.0;
				TARGETED_DEVICE_FAMILY = "1,2";
			};
			name = Release;
		};
/* End XCBuildConfiguration section */

/* Begin XCConfigurationList section */
		F30A24872A4B88B600C25881 /* Build configuration list for PBXProject "RevealHer Final Project" */ = {
			isa = XCConfigurationList;
			buildConfigurations = (
				F30A24982A4B88BA00C25881 /* Debug */,
				F30A24992A4B88BA00C25881 /* Release */,
			);
			defaultConfigurationIsVisible = 0;
			defaultConfigurationName = Release;
		};
		F30A249A2A4B88BA00C25881 /* Build configuration list for PBXNativeTarget "RevealHer Final Project" */ = {
			isa = XCConfigurationList;
			buildConfigurations = (
				F30A249B2A4B88BA00C25881 /* Debug */,
				F30A249C2A4B88BA00C25881 /* Release */,
			);
			defaultConfigurationIsVisible = 0;
			defaultConfigurationName = Release;
		};
/* End XCConfigurationList section */
	};
	rootObject = F30A24842A4B88B600C25881 /* Project object */;
}
